
Microsoft Visual Studio Solution File, Format Version 12.00
# Visual Studio Version 17
VisualStudioVersion = 17.3.32825.248
MinimumVisualStudioVersion = 10.0.40219.1
Project("{9A19103F-16F7-4668-BE54-9A1E7A4F7556}") = "DiplomMark", "DiplomMark\DiplomMark.csproj", "{6D541D26-691E-45CC-BDFF-34A0E9645D8F}"
EndProject
Project("{2150E333-8FDC-42A3-9474-1A3956D46DE8}") = "Solution Items", "Solution Items", "{4F0EE281-CB9C-4B2C-84CF-05C5064F8129}"
	ProjectSection(SolutionItems) = preProject
		.editorconfig = .editorconfig
	EndProjectSection
EndProject
Global
	GlobalSection(SolutionConfigurationPlatforms) = preSolution
		Debug|Any CPU = Debug|Any CPU
		Release|Any CPU = Release|Any CPU
	EndGlobalSection
	GlobalSection(ProjectConfigurationPlatforms) = postSolution
		{6D541D26-691E-45CC-BDFF-34A0E9645D8F}.Debug|Any CPU.ActiveCfg = Debug|Any CPU
		{6D541D26-691E-45CC-BDFF-34A0E9645D8F}.Debug|Any CPU.Build.0 = Debug|Any CPU
		{6D541D26-691E-45CC-BDFF-34A0E9645D8F}.Release|Any CPU.ActiveCfg = Release|Any CPU
		{6D541D26-691E-45CC-BDFF-34A0E9645D8F}.Release|Any CPU.Build.0 = Release|Any CPU
	EndGlobalSection
	GlobalSection(SolutionProperties) = preSolution
		HideSolutionNode = FALSE
	EndGlobalSection
	GlobalSection(ExtensibilityGlobals) = postSolution
		SolutionGuid = {78534879-716F-4256-8410-CA3D7A4EC358}
	EndGlobalSection
EndGlobal
